<Solution>
  <Folder Name="/engine.tests/">
    <Project Path="engine.tests/SBR.Engine.Tests.csproj" />
  </Folder>
  <Folder Name="/engine/">
    <Project Path="engine/SBR.Engine.csproj" />
  </Folder>
  <Folder Name="/game-console/">
    <Project Path="game-console/SBR.ConsoleGame.csproj" />
  </Folder>
  <Folder Name="/sim/">
    <Project Path="sim/SBR.Sim.csproj" />
  </Folder>
</Solution>
